<?xml version="1.0" encoding="utf-8"?>
<Project ToolsVersion="4.0" xmlns="http://schemas.microsoft.com/developer/msbuild/2003">
  <ItemGroup>
    <ClCompile Include="몫 구하기.cpp">
      <Filter>Day01</Filter>
    </ClCompile>
    <ClCompile Include="두 수의 곱.cpp">
      <Filter>Day01</Filter>
    </ClCompile>
    <ClCompile Include="두 수의 차.cpp">
      <Filter>Day01</Filter>
    </ClCompile>
    <ClCompile Include="두 수의 합.cpp">
      <Filter>Day01</Filter>
    </ClCompile>
    <ClCompile Include="문자열 뒤집기.cpp">
      <Filter>Etc</Filter>
    </ClCompile>
    <ClCompile Include="두 수의 나눗셈.cpp">
      <Filter>Day02</Filter>
    </ClCompile>
  </ItemGroup>
  <ItemGroup>
    <Filter Include="Day01">
      <UniqueIdentifier>{a8adb21d-171b-494d-8f61-a058ccc72e30}</UniqueIdentifier>
    </Filter>
    <Filter Include="Etc">
      <UniqueIdentifier>{45cff52e-00ae-416a-8682-3736b9c276e8}</UniqueIdentifier>
    </Filter>
    <Filter Include="Day02">
      <UniqueIdentifier>{9d3133d7-e4bc-449c-bc15-f1ee056cf1f2}</UniqueIdentifier>
    </Filter>
  </ItemGroup>
</Project>