<?xml version="1.0" encoding="utf-8"?>
<Project ToolsVersion="4.0" xmlns="http://schemas.microsoft.com/developer/msbuild/2003">
  <ItemGroup>
    <ClCompile Include="몫 구하기.cpp">
      <Filter>Day01</Filter>
    </ClCompile>
    <ClCompile Include="두 수의 곱.cpp">
      <Filter>Day01</Filter>
    </ClCompile>
    <ClCompile Include="두 수의 차.cpp">
      <Filter>Day01</Filter>
    </ClCompile>
    <ClCompile Include="두 수의 합.cpp">
      <Filter>Day01</Filter>
    </ClCompile>
    <ClCompile Include="두 수의 나눗셈.cpp">
      <Filter>Day02</Filter>
    </ClCompile>
    <ClCompile Include="배열 두 배 만들기.cpp">
      <Filter>Day02</Filter>
    </ClCompile>
    <ClCompile Include="분수의 덧셈.cpp">
      <Filter>Day02</Filter>
    </ClCompile>
    <ClCompile Include="숫자 비교하기.cpp">
      <Filter>Day02</Filter>
    </ClCompile>
    <ClCompile Include="나머지 구하기.cpp">
      <Filter>Day03</Filter>
    </ClCompile>
    <ClCompile Include="중앙값 구하기.cpp">
      <Filter>Day03</Filter>
    </ClCompile>
    <ClCompile Include="최빈값 구하기.cpp">
      <Filter>Day03</Filter>
    </ClCompile>
    <ClCompile Include="짝수는 싫어요.cpp">
      <Filter>Day03</Filter>
    </ClCompile>
    <ClCompile Include="피자 나눠 먹기 (1).cpp">
      <Filter>Day04</Filter>
    </ClCompile>
    <ClCompile Include="피자 나눠 먹기 (3).cpp">
      <Filter>Day04</Filter>
    </ClCompile>
    <ClCompile Include="피자 나눠 먹기 (2).cpp">
      <Filter>Day04</Filter>
    </ClCompile>
    <ClCompile Include="배열의 평균값.cpp">
      <Filter>Day04</Filter>
    </ClCompile>
    <ClCompile Include="옷가게 할인 받기.cpp">
      <Filter>Day05</Filter>
    </ClCompile>
    <ClCompile Include="아이스 아메리카노.cpp">
      <Filter>Day05</Filter>
    </ClCompile>
    <ClCompile Include="나이출력.cpp">
      <Filter>Day05</Filter>
    </ClCompile>
    <ClCompile Include="배열 뒤집기.cpp">
      <Filter>Day05</Filter>
    </ClCompile>
    <ClCompile Include="문자열 뒤집기.cpp">
      <Filter>Day06</Filter>
    </ClCompile>
    <ClCompile Include="직각삼각형 출력하기.cpp">
      <Filter>Day06</Filter>
    </ClCompile>
    <ClCompile Include="짝수 홀수 개수.cpp">
      <Filter>Day06</Filter>
    </ClCompile>
    <ClCompile Include="문자 반복 출력하기.cpp">
      <Filter>Day06</Filter>
    </ClCompile>
    <ClCompile Include="특정 문자 제거하기.cpp">
      <Filter>Day07</Filter>
    </ClCompile>
    <ClCompile Include="각도기.cpp">
      <Filter>Day07</Filter>
    </ClCompile>
    <ClCompile Include="양꼬치.cpp">
      <Filter>Day07</Filter>
    </ClCompile>
    <ClCompile Include="짝수의 합.cpp">
      <Filter>Day07</Filter>
    </ClCompile>
    <ClCompile Include="배열 자르기.cpp">
      <Filter>Day08</Filter>
    </ClCompile>
    <ClCompile Include="외계행성의 나이.cpp">
      <Filter>Day08</Filter>
    </ClCompile>
    <ClCompile Include="진료순서 정하기.cpp">
      <Filter>Day08</Filter>
    </ClCompile>
    <ClCompile Include="순서쌍의 개수.cpp">
      <Filter>Day08</Filter>
    </ClCompile>
    <ClCompile Include="개미 군단.cpp">
      <Filter>Day09</Filter>
    </ClCompile>
    <ClCompile Include="모스부호(1).cpp">
      <Filter>Day09</Filter>
    </ClCompile>
    <ClCompile Include="가위 바위 보.cpp">
      <Filter>Day09</Filter>
    </ClCompile>
    <ClCompile Include="구슬을 나누는 경우의 수.cpp">
      <Filter>Day09</Filter>
    </ClCompile>
    <ClCompile Include="점의 위치 구하기.cpp">
      <Filter>Day10</Filter>
    </ClCompile>
    <ClCompile Include="2차원으로 만들기.cpp">
      <Filter>Day10</Filter>
    </ClCompile>
    <ClCompile Include="공 던지기.cpp">
      <Filter>Day10</Filter>
    </ClCompile>
    <ClCompile Include="배열 회전시키기.cpp">
      <Filter>Day10</Filter>
    </ClCompile>
    <ClCompile Include="주사위의 개수.cpp">
      <Filter>Day11</Filter>
    </ClCompile>
    <ClCompile Include="합성수 찾기.cpp">
      <Filter>Day11</Filter>
    </ClCompile>
    <ClCompile Include="최댓값 만들기(1).cpp">
      <Filter>Day11</Filter>
    </ClCompile>
    <ClCompile Include="팩토리얼.cpp">
      <Filter>Day11</Filter>
    </ClCompile>
    <ClCompile Include="모음 제거.cpp">
      <Filter>Day12</Filter>
    </ClCompile>
    <ClCompile Include="문자열 정렬하기 (1).cpp">
      <Filter>Day12</Filter>
    </ClCompile>
    <ClCompile Include="숨어있는 숫자의 덧셈 (1).cpp">
      <Filter>Day12</Filter>
    </ClCompile>
    <ClCompile Include="소인수분해.cpp">
      <Filter>Day12</Filter>
    </ClCompile>
    <ClCompile Include="컨트롤 제트.cpp">
      <Filter>Day13</Filter>
    </ClCompile>
    <ClCompile Include="배열 원소의 길이.cpp">
      <Filter>Day13</Filter>
    </ClCompile>
    <ClCompile Include="삼각형의 완성조건 (1).cpp">
      <Filter>Day13</Filter>
    </ClCompile>
    <ClCompile Include="중복된 문자 제거.cpp">
      <Filter>Day13</Filter>
    </ClCompile>
  </ItemGroup>
  <ItemGroup>
    <Filter Include="Day01">
      <UniqueIdentifier>{a8adb21d-171b-494d-8f61-a058ccc72e30}</UniqueIdentifier>
    </Filter>
    <Filter Include="Day02">
      <UniqueIdentifier>{9d3133d7-e4bc-449c-bc15-f1ee056cf1f2}</UniqueIdentifier>
    </Filter>
    <Filter Include="Day03">
      <UniqueIdentifier>{8c65e239-cdb9-46c9-bd7c-7e3ca8f3fb00}</UniqueIdentifier>
    </Filter>
    <Filter Include="Day04">
      <UniqueIdentifier>{ce0345d3-8e5d-4a74-a8a1-769634fe972d}</UniqueIdentifier>
    </Filter>
    <Filter Include="Day05">
      <UniqueIdentifier>{37630878-97d6-437a-a309-5b2e31cb6f6a}</UniqueIdentifier>
    </Filter>
    <Filter Include="Day06">
      <UniqueIdentifier>{e1891616-c3fc-40de-a13a-517c8c32dc01}</UniqueIdentifier>
    </Filter>
    <Filter Include="Day07">
      <UniqueIdentifier>{b3270cae-476e-4c10-bf9c-250b589f1d60}</UniqueIdentifier>
    </Filter>
    <Filter Include="Day08">
      <UniqueIdentifier>{2522d990-e6b2-4c66-9135-b855692031c8}</UniqueIdentifier>
    </Filter>
    <Filter Include="Day09">
      <UniqueIdentifier>{daa63fa4-d9ec-458f-8efd-de92d7955a3c}</UniqueIdentifier>
    </Filter>
    <Filter Include="Day10">
      <UniqueIdentifier>{1daeb8a8-799e-483b-899c-b11739794a8e}</UniqueIdentifier>
    </Filter>
    <Filter Include="Day11">
      <UniqueIdentifier>{8aefee34-4246-4a11-99c1-26703d08da61}</UniqueIdentifier>
    </Filter>
    <Filter Include="Day12">
      <UniqueIdentifier>{ecf7cfed-6794-4be4-954f-a48c960de84b}</UniqueIdentifier>
    </Filter>
    <Filter Include="Day13">
      <UniqueIdentifier>{3feef331-bbe9-4c84-82e6-c191e02e4394}</UniqueIdentifier>
    </Filter>
  </ItemGroup>
</Project>